
Microsoft Visual Studio Solution File, Format Version 12.00
# Visual Studio Version 17
VisualStudioVersion = 17.2.32616.157
MinimumVisualStudioVersion = 10.0.40219.1
Project("{FAE04EC0-301F-11D3-BF4B-00C04F79EFBC}") = "Solution 1", "Solution 1\Solution 1.csproj", "{F6C4DE02-AC65-413E-A077-7EE778CC4921}"
EndProject
Global
	GlobalSection(SolutionConfigurationPlatforms) = preSolution
		Debug|Any CPU = Debug|Any CPU
		Release|Any CPU = Release|Any CPU
	EndGlobalSection
	GlobalSection(ProjectConfigurationPlatforms) = postSolution
		{F6C4DE02-AC65-413E-A077-7EE778CC4921}.Debug|Any CPU.ActiveCfg = Debug|Any CPU
		{F6C4DE02-AC65-413E-A077-7EE778CC4921}.Debug|Any CPU.Build.0 = Debug|Any CPU
		{F6C4DE02-AC65-413E-A077-7EE778CC4921}.Release|Any CPU.ActiveCfg = Release|Any CPU
		{F6C4DE02-AC65-413E-A077-7EE778CC4921}.Release|Any CPU.Build.0 = Release|Any CPU
	EndGlobalSection
	GlobalSection(SolutionProperties) = preSolution
		HideSolutionNode = FALSE
	EndGlobalSection
	GlobalSection(ExtensibilityGlobals) = postSolution
		SolutionGuid = {ECAAD2A5-6000-47AE-BCD0-F531995AEFCC}
	EndGlobalSection
EndGlobal
